
Microsoft Visual Studio Solution File, Format Version 12.00
# Visual Studio Version 17
VisualStudioVersion = 17.7.34221.43
MinimumVisualStudioVersion = 10.0.40219.1
Project("{9A19103F-16F7-4668-BE54-9A1E7A4F7556}") = "gamebox", "gamebox\gamebox.csproj", "{FF572E06-5C4A-4FEB-ABE9-07FB2A45A2A6}"
EndProject
Global
	GlobalSection(SolutionConfigurationPlatforms) = preSolution
		Debug|Any CPU = Debug|Any CPU
		Release|Any CPU = Release|Any CPU
	EndGlobalSection
	GlobalSection(ProjectConfigurationPlatforms) = postSolution
		{FF572E06-5C4A-4FEB-ABE9-07FB2A45A2A6}.Debug|Any CPU.ActiveCfg = Debug|Any CPU
		{FF572E06-5C4A-4FEB-ABE9-07FB2A45A2A6}.Debug|Any CPU.Build.0 = Debug|Any CPU
		{FF572E06-5C4A-4FEB-ABE9-07FB2A45A2A6}.Release|Any CPU.ActiveCfg = Release|Any CPU
		{FF572E06-5C4A-4FEB-ABE9-07FB2A45A2A6}.Release|Any CPU.Build.0 = Release|Any CPU
	EndGlobalSection
	GlobalSection(SolutionProperties) = preSolution
		HideSolutionNode = FALSE
	EndGlobalSection
	GlobalSection(ExtensibilityGlobals) = postSolution
		SolutionGuid = {20A31FC7-B255-4080-9D67-620736447377}
	EndGlobalSection
EndGlobal
